Microsoft Visual Studio Solution File, Format Version 11.00
# Visual Studio 2008

Project("{9073DE58-4257-1978-3053-8AF03A8623A9}") = "Jerusalem VR Mk2", "Assembly-CSharp.csproj", "{33EDD902-BC75-34CD-66D6-131326EE926B}"
EndProject
Project("{9073DE58-4257-1978-3053-8AF03A8623A9}") = "Jerusalem VR Mk2", "Assembly-CSharp-Editor.csproj", "{98E5C354-3720-C235-FB7A-24EEB07845FD}"
EndProject
Global
	GlobalSection(SolutionConfigurationPlatforms) = preSolution
		Debug|Any CPU = Debug|Any CPU
		Release|Any CPU = Release|Any CPU
	EndGlobalSection
	GlobalSection(ProjectConfigurationPlatforms) = postSolution
		{33EDD902-BC75-34CD-66D6-131326EE926B}.Debug|Any CPU.ActiveCfg = Debug|Any CPU
		{33EDD902-BC75-34CD-66D6-131326EE926B}.Debug|Any CPU.Build.0 = Debug|Any CPU
		{33EDD902-BC75-34CD-66D6-131326EE926B}.Release|Any CPU.ActiveCfg = Release|Any CPU
		{33EDD902-BC75-34CD-66D6-131326EE926B}.Release|Any CPU.Build.0 = Release|Any CPU
		{98E5C354-3720-C235-FB7A-24EEB07845FD}.Debug|Any CPU.ActiveCfg = Debug|Any CPU
		{98E5C354-3720-C235-FB7A-24EEB07845FD}.Debug|Any CPU.Build.0 = Debug|Any CPU
		{98E5C354-3720-C235-FB7A-24EEB07845FD}.Release|Any CPU.ActiveCfg = Release|Any CPU
		{98E5C354-3720-C235-FB7A-24EEB07845FD}.Release|Any CPU.Build.0 = Release|Any CPU
	EndGlobalSection
	GlobalSection(SolutionProperties) = preSolution
		HideSolutionNode = FALSE
	EndGlobalSection
	GlobalSection(MonoDevelopProperties) = preSolution
		StartupItem = Assembly-CSharp.csproj
	EndGlobalSection
EndGlobal
